
Microsoft Visual Studio Solution File, Format Version 12.00
# Visual Studio Version 17
VisualStudioVersion = 17.9.34701.34
MinimumVisualStudioVersion = 10.0.40219.1
Project("{FAE04EC0-301F-11D3-BF4B-00C04F79EFBC}") = "HostingAxInWpf", "HostingAxInWpf.csproj", "{38B5CA25-FDFE-462D-98F4-E62D728DEF0A}"
EndProject
Project("{FAE04EC0-301F-11D3-BF4B-00C04F79EFBC}") = "WmpAxLib", "..\WmpAxLib\WmpAxLib.csproj", "{A73AA035-F13E-4928-BFB3-85876F824A18}"
EndProject
Global
	GlobalSection(SolutionConfigurationPlatforms) = preSolution
		Debug|Any CPU = Debug|Any CPU
		Release|Any CPU = Release|Any CPU
	EndGlobalSection
	GlobalSection(ProjectConfigurationPlatforms) = postSolution
		{38B5CA25-FDFE-462D-98F4-E62D728DEF0A}.Debug|Any CPU.ActiveCfg = Debug|Any CPU
		{38B5CA25-FDFE-462D-98F4-E62D728DEF0A}.Debug|Any CPU.Build.0 = Debug|Any CPU
		{38B5CA25-FDFE-462D-98F4-E62D728DEF0A}.Release|Any CPU.ActiveCfg = Release|Any CPU
		{38B5CA25-FDFE-462D-98F4-E62D728DEF0A}.Release|Any CPU.Build.0 = Release|Any CPU
		{A73AA035-F13E-4928-BFB3-85876F824A18}.Debug|Any CPU.ActiveCfg = Debug|Any CPU
		{A73AA035-F13E-4928-BFB3-85876F824A18}.Debug|Any CPU.Build.0 = Debug|Any CPU
		{A73AA035-F13E-4928-BFB3-85876F824A18}.Release|Any CPU.ActiveCfg = Release|Any CPU
		{A73AA035-F13E-4928-BFB3-85876F824A18}.Release|Any CPU.Build.0 = Release|Any CPU
	EndGlobalSection
	GlobalSection(SolutionProperties) = preSolution
		HideSolutionNode = FALSE
	EndGlobalSection
	GlobalSection(ExtensibilityGlobals) = postSolution
		SolutionGuid = {D528A343-0309-4483-9FF2-7C85CA8F1E60}
	EndGlobalSection
EndGlobal
